
Microsoft Visual Studio Solution File, Format Version 12.00
# Visual Studio Version 17
VisualStudioVersion = 17.12.35707.178
MinimumVisualStudioVersion = 10.0.40219.1
Project("{FAE04EC0-301F-11D3-BF4B-00C04F79EFBC}") = "EcoShrimp.Data", "EcoShrimp.Data\EcoShrimp.Data.csproj", "{DA7EE1C5-3C1A-4AA1-BFAB-8CA9D492B20F}"
EndProject
Project("{FAE04EC0-301F-11D3-BF4B-00C04F79EFBC}") = "EcoShrimp.Share", "EcoShrimp.Share\EcoShrimp.Share.csproj", "{97BE6DCD-6F52-4616-8861-CA434108013E}"
EndProject
Project("{FAE04EC0-301F-11D3-BF4B-00C04F79EFBC}") = "EcoShrimp.Client", "EcoShrimp.Client\EcoShrimp.Client.csproj", "{12B021A3-2F23-48CE-BBFB-3E3752ECBE45}"
EndProject
Project("{FAE04EC0-301F-11D3-BF4B-00C04F79EFBC}") = "EcoShrimp.Admin", "EcoShrimp.Admin\EcoShrimp.Admin.csproj", "{6302B3C5-A882-4F04-B813-9DC73B41ED49}"
EndProject
Project("{FAE04EC0-301F-11D3-BF4B-00C04F79EFBC}") = "EcoShrimp.API", "EcoShrimp.API\EcoShrimp.API.csproj", "{81F861B3-2482-4A0D-AC12-AA34719A032A}"
EndProject
Global
	GlobalSection(SolutionConfigurationPlatforms) = preSolution
		Debug|Any CPU = Debug|Any CPU
		Release|Any CPU = Release|Any CPU
	EndGlobalSection
	GlobalSection(ProjectConfigurationPlatforms) = postSolution
		{DA7EE1C5-3C1A-4AA1-BFAB-8CA9D492B20F}.Debug|Any CPU.ActiveCfg = Debug|Any CPU
		{DA7EE1C5-3C1A-4AA1-BFAB-8CA9D492B20F}.Debug|Any CPU.Build.0 = Debug|Any CPU
		{DA7EE1C5-3C1A-4AA1-BFAB-8CA9D492B20F}.Release|Any CPU.ActiveCfg = Release|Any CPU
		{DA7EE1C5-3C1A-4AA1-BFAB-8CA9D492B20F}.Release|Any CPU.Build.0 = Release|Any CPU
		{97BE6DCD-6F52-4616-8861-CA434108013E}.Debug|Any CPU.ActiveCfg = Debug|Any CPU
		{97BE6DCD-6F52-4616-8861-CA434108013E}.Debug|Any CPU.Build.0 = Debug|Any CPU
		{97BE6DCD-6F52-4616-8861-CA434108013E}.Release|Any CPU.ActiveCfg = Release|Any CPU
		{97BE6DCD-6F52-4616-8861-CA434108013E}.Release|Any CPU.Build.0 = Release|Any CPU
		{12B021A3-2F23-48CE-BBFB-3E3752ECBE45}.Debug|Any CPU.ActiveCfg = Debug|Any CPU
		{12B021A3-2F23-48CE-BBFB-3E3752ECBE45}.Debug|Any CPU.Build.0 = Debug|Any CPU
		{12B021A3-2F23-48CE-BBFB-3E3752ECBE45}.Release|Any CPU.ActiveCfg = Release|Any CPU
		{12B021A3-2F23-48CE-BBFB-3E3752ECBE45}.Release|Any CPU.Build.0 = Release|Any CPU
		{6302B3C5-A882-4F04-B813-9DC73B41ED49}.Debug|Any CPU.ActiveCfg = Debug|Any CPU
		{6302B3C5-A882-4F04-B813-9DC73B41ED49}.Debug|Any CPU.Build.0 = Debug|Any CPU
		{6302B3C5-A882-4F04-B813-9DC73B41ED49}.Release|Any CPU.ActiveCfg = Release|Any CPU
		{6302B3C5-A882-4F04-B813-9DC73B41ED49}.Release|Any CPU.Build.0 = Release|Any CPU
		{81F861B3-2482-4A0D-AC12-AA34719A032A}.Debug|Any CPU.ActiveCfg = Debug|Any CPU
		{81F861B3-2482-4A0D-AC12-AA34719A032A}.Debug|Any CPU.Build.0 = Debug|Any CPU
		{81F861B3-2482-4A0D-AC12-AA34719A032A}.Release|Any CPU.ActiveCfg = Release|Any CPU
		{81F861B3-2482-4A0D-AC12-AA34719A032A}.Release|Any CPU.Build.0 = Release|Any CPU
	EndGlobalSection
	GlobalSection(SolutionProperties) = preSolution
		HideSolutionNode = FALSE
	EndGlobalSection
EndGlobal
